
Microsoft Visual Studio Solution File, Format Version 12.00
# Visual Studio 15
VisualStudioVersion = 15.0.28010.0
MinimumVisualStudioVersion = 10.0.40219.1
Project("{FAE04EC0-301F-11D3-BF4B-00C04F79EFBC}") = "RedisDotNetCoreSample", "RedisDotNetCoreSample\RedisDotNetCoreSample.csproj", "{ABCCB51B-8DCA-40ED-8248-BE622B02DABB}"
EndProject
Global
	GlobalSection(SolutionConfigurationPlatforms) = preSolution
		Debug|Any CPU = Debug|Any CPU
		Release|Any CPU = Release|Any CPU
	EndGlobalSection
	GlobalSection(ProjectConfigurationPlatforms) = postSolution
		{ABCCB51B-8DCA-40ED-8248-BE622B02DABB}.Debug|Any CPU.ActiveCfg = Debug|Any CPU
		{ABCCB51B-8DCA-40ED-8248-BE622B02DABB}.Debug|Any CPU.Build.0 = Debug|Any CPU
		{ABCCB51B-8DCA-40ED-8248-BE622B02DABB}.Release|Any CPU.ActiveCfg = Release|Any CPU
		{ABCCB51B-8DCA-40ED-8248-BE622B02DABB}.Release|Any CPU.Build.0 = Release|Any CPU
	EndGlobalSection
	GlobalSection(SolutionProperties) = preSolution
		HideSolutionNode = FALSE
	EndGlobalSection
	GlobalSection(ExtensibilityGlobals) = postSolution
		SolutionGuid = {AFB3C794-8C53-4F82-92E0-BCFE73282F39}
	EndGlobalSection
EndGlobal
